
Microsoft Visual Studio Solution File, Format Version 12.00
# Visual Studio Version 17
VisualStudioVersion = 17.5.002.0
MinimumVisualStudioVersion = 10.0.40219.1
Project("{9A19103F-16F7-4668-BE54-9A1E7A4F7556}") = "MVCApp", "MVCApp.csproj", "{D1DA9F23-7872-411E-B427-30AD334D5A76}"
EndProject
Global
	GlobalSection(SolutionConfigurationPlatforms) = preSolution
		Debug|Any CPU = Debug|Any CPU
		Release|Any CPU = Release|Any CPU
	EndGlobalSection
	GlobalSection(ProjectConfigurationPlatforms) = postSolution
		{D1DA9F23-7872-411E-B427-30AD334D5A76}.Debug|Any CPU.ActiveCfg = Debug|Any CPU
		{D1DA9F23-7872-411E-B427-30AD334D5A76}.Debug|Any CPU.Build.0 = Debug|Any CPU
		{D1DA9F23-7872-411E-B427-30AD334D5A76}.Release|Any CPU.ActiveCfg = Release|Any CPU
		{D1DA9F23-7872-411E-B427-30AD334D5A76}.Release|Any CPU.Build.0 = Release|Any CPU
	EndGlobalSection
	GlobalSection(SolutionProperties) = preSolution
		HideSolutionNode = FALSE
	EndGlobalSection
	GlobalSection(ExtensibilityGlobals) = postSolution
		SolutionGuid = {1CE665C7-1AB3-43AF-A1BE-024552FC34F8}
	EndGlobalSection
EndGlobal
